// !$*UTF8*$!
{
	archiveVersion = 1;
	classes = {
	};
	objectVersion = 50;
	objects = {

/* Begin PBXBuildFile section */
		E9778C9120AA1F90002713A6 /* AppDelegate.swift in Sources */ = {isa = PBXBuildFile; fileRef = E9778C9020AA1F90002713A6 /* AppDelegate.swift */; };
		E9778C9320AA1F90002713A6 /* ViewController.swift in Sources */ = {isa = PBXBuildFile; fileRef = E9778C9220AA1F90002713A6 /* ViewController.swift */; };
		E9778C9620AA1F90002713A6 /* Main.storyboard in Resources */ = {isa = PBXBuildFile; fileRef = E9778C9420AA1F90002713A6 /* Main.storyboard */; };
		E9778C9920AA1F91002713A6 /* Home_Owner.xcdatamodeld in Sources */ = {isa = PBXBuildFile; fileRef = E9778C9720AA1F91002713A6 /* Home_Owner.xcdatamodeld */; };
		E9778C9B20AA1F92002713A6 /* Assets.xcassets in Resources */ = {isa = PBXBuildFile; fileRef = E9778C9A20AA1F92002713A6 /* Assets.xcassets */; };
		E9778C9E20AA1F92002713A6 /* LaunchScreen.storyboard in Resources */ = {isa = PBXBuildFile; fileRef = E9778C9C20AA1F92002713A6 /* LaunchScreen.storyboard */; };
		E9778CA920AA1F92002713A6 /* Home_OwnerTests.swift in Sources */ = {isa = PBXBuildFile; fileRef = E9778CA820AA1F92002713A6 /* Home_OwnerTests.swift */; };
		E9778CB420AA1F93002713A6 /* Home_OwnerUITests.swift in Sources */ = {isa = PBXBuildFile; fileRef = E9778CB320AA1F93002713A6 /* Home_OwnerUITests.swift */; };
/* End PBXBuildFile section */

/* Begin PBXContainerItemProxy section */
		E9778CA520AA1F92002713A6 /* PBXContainerItemProxy */ = {
			isa = PBXContainerItemProxy;
			containerPortal = E9778C8520AA1F90002713A6 /* Project object */;
			proxyType = 1;
			remoteGlobalIDString = E9778C8C20AA1F90002713A6;
			remoteInfo = "Home Owner";
		};
		E9778CB020AA1F93002713A6 /* PBXContainerItemProxy */ = {
			isa = PBXContainerItemProxy;
			containerPortal = E9778C8520AA1F90002713A6 /* Project object */;
			proxyType = 1;
			remoteGlobalIDString = E9778C8C20AA1F90002713A6;
			remoteInfo = "Home Owner";
		};
/* End PBXContainerItemProxy section */

/* Begin PBXFileReference section */
		E9778C8D20AA1F90002713A6 /* Home Owner.app */ = {isa = PBXFileReference; explicitFileType = wrapper.application; includeInIndex = 0; path = "Home Owner.app"; sourceTree = BUILT_PRODUCTS_DIR; };
		E9778C9020AA1F90002713A6 /* AppDelegate.swift */ = {isa = PBXFileReference; lastKnownFileType = sourcecode.swift; path = AppDelegate.swift; sourceTree = "<group>"; };
		E9778C9220AA1F90002713A6 /* ViewController.swift */ = {isa = PBXFileReference; lastKnownFileType = sourcecode.swift; path = ViewController.swift; sourceTree = "<group>"; };
		E9778C9520AA1F90002713A6 /* Base */ = {isa = PBXFileReference; lastKnownFileType = file.storyboard; name = Base; path = Base.lproj/Main.storyboard; sourceTree = "<group>"; };
		E9778C9820AA1F91002713A6 /* Home_Owner.xcdatamodel */ = {isa = PBXFileReference; lastKnownFileType = wrapper.xcdatamodel; path = Home_Owner.xcdatamodel; sourceTree = "<group>"; };
		E9778C9A20AA1F92002713A6 /* Assets.xcassets */ = {isa = PBXFileReference; lastKnownFileType = folder.assetcatalog; path = Assets.xcassets; sourceTree = "<group>"; };
		E9778C9D20AA1F92002713A6 /* Base */ = {isa = PBXFileReference; lastKnownFileType = file.storyboard; name = Base; path = Base.lproj/LaunchScreen.storyboard; sourceTree = "<group>"; };
		E9778C9F20AA1F92002713A6 /* Info.plist */ = {isa = PBXFileReference; lastKnownFileType = text.plist.xml; path = Info.plist; sourceTree = "<group>"; };
		E9778CA420AA1F92002713A6 /* Home OwnerTests.xctest */ = {isa = PBXFileReference; explicitFileType = wrapper.cfbundle; includeInIndex = 0; path = "Home OwnerTests.xctest"; sourceTree = BUILT_PRODUCTS_DIR; };
		E9778CA820AA1F92002713A6 /* Home_OwnerTests.swift */ = {isa = PBXFileReference; lastKnownFileType = sourcecode.swift; path = Home_OwnerTests.swift; sourceTree = "<group>"; };
		E9778CAA20AA1F93002713A6 /* Info.plist */ = {isa = PBXFileReference; lastKnownFileType = text.plist.xml; path = Info.plist; sourceTree = "<group>"; };
		E9778CAF20AA1F93002713A6 /* Home OwnerUITests.xctest */ = {isa = PBXFileReference; explicitFileType = wrapper.cfbundle; includeInIndex = 0; path = "Home OwnerUITests.xctest"; sourceTree = BUILT_PRODUCTS_DIR; };
		E9778CB320AA1F93002713A6 /* Home_OwnerUITests.swift */ = {isa = PBXFileReference; lastKnownFileType = sourcecode.swift; path = Home_OwnerUITests.swift; sourceTree = "<group>"; };
		E9778CB520AA1F93002713A6 /* Info.plist */ = {isa = PBXFileReference; lastKnownFileType = text.plist.xml; path = Info.plist; sourceTree = "<group>"; };
/* End PBXFileReference section */

/* Begin PBXFrameworksBuildPhase section */
		E9778C8A20AA1F90002713A6 /* Frameworks */ = {
			isa = PBXFrameworksBuildPhase;
			buildActionMask = 2147483647;
			files = (
			);
			runOnlyForDeploymentPostprocessing = 0;
		};
		E9778CA120AA1F92002713A6 /* Frameworks */ = {
			isa = PBXFrameworksBuildPhase;
			buildActionMask = 2147483647;
			files = (
			);
			runOnlyForDeploymentPostprocessing = 0;
		};
		E9778CAC20AA1F93002713A6 /* Frameworks */ = {
			isa = PBXFrameworksBuildPhase;
			buildActionMask = 2147483647;
			files = (
			);
			runOnlyForDeploymentPostprocessing = 0;
		};
/* End PBXFrameworksBuildPhase section */

/* Begin PBXGroup section */
		E9778C8420AA1F90002713A6 = {
			isa = PBXGroup;
			children = (
				E9778C8F20AA1F90002713A6 /* Home Owner */,
				E9778CA720AA1F92002713A6 /* Home OwnerTests */,
				E9778CB220AA1F93002713A6 /* Home OwnerUITests */,
				E9778C8E20AA1F90002713A6 /* Products */,
			);
			sourceTree = "<group>";
		};
		E9778C8E20AA1F90002713A6 /* Products */ = {
			isa = PBXGroup;
			children = (
				E9778C8D20AA1F90002713A6 /* Home Owner.app */,
				E9778CA420AA1F92002713A6 /* Home OwnerTests.xctest */,
				E9778CAF20AA1F93002713A6 /* Home OwnerUITests.xctest */,
			);
			name = Products;
			sourceTree = "<group>";
		};
		E9778C8F20AA1F90002713A6 /* Home Owner */ = {
			isa = PBXGroup;
			children = (
				E9778C9020AA1F90002713A6 /* AppDelegate.swift */,
				E9778C9220AA1F90002713A6 /* ViewController.swift */,
				E9778C9420AA1F90002713A6 /* Main.storyboard */,
				E9778C9A20AA1F92002713A6 /* Assets.xcassets */,
				E9778C9C20AA1F92002713A6 /* LaunchScreen.storyboard */,
				E9778C9F20AA1F92002713A6 /* Info.plist */,
				E9778C9720AA1F91002713A6 /* Home_Owner.xcdatamodeld */,
			);
			path = "Home Owner";
			sourceTree = "<group>";
		};
		E9778CA720AA1F92002713A6 /* Home OwnerTests */ = {
			isa = PBXGroup;
			children = (
				E9778CA820AA1F92002713A6 /* Home_OwnerTests.swift */,
				E9778CAA20AA1F93002713A6 /* Info.plist */,
			);
			path = "Home OwnerTests";
			sourceTree = "<group>";
		};
		E9778CB220AA1F93002713A6 /* Home OwnerUITests */ = {
			isa = PBXGroup;
			children = (
				E9778CB320AA1F93002713A6 /* Home_OwnerUITests.swift */,
				E9778CB520AA1F93002713A6 /* Info.plist */,
			);
			path = "Home OwnerUITests";
			sourceTree = "<group>";
		};
/* End PBXGroup section */

/* Begin PBXNativeTarget section */
		E9778C8C20AA1F90002713A6 /* Home Owner */ = {
			isa = PBXNativeTarget;
			buildConfigurationList = E9778CB820AA1F93002713A6 /* Build configuration list for PBXNativeTarget "Home Owner" */;
			buildPhases = (
				E9778C8920AA1F90002713A6 /* Sources */,
				E9778C8A20AA1F90002713A6 /* Frameworks */,
				E9778C8B20AA1F90002713A6 /* Resources */,
			);
			buildRules = (
			);
			dependencies = (
			);
			name = "Home Owner";
			productName = "Home Owner";
			productReference = E9778C8D20AA1F90002713A6 /* Home Owner.app */;
			productType = "com.apple.product-type.application";
		};
		E9778CA320AA1F92002713A6 /* Home OwnerTests */ = {
			isa = PBXNativeTarget;
			buildConfigurationList = E9778CBB20AA1F93002713A6 /* Build configuration list for PBXNativeTarget "Home OwnerTests" */;
			buildPhases = (
				E9778CA020AA1F92002713A6 /* Sources */,
				E9778CA120AA1F92002713A6 /* Frameworks */,
				E9778CA220AA1F92002713A6 /* Resources */,
			);
			buildRules = (
			);
			dependencies = (
				E9778CA620AA1F92002713A6 /* PBXTargetDependency */,
			);
			name = "Home OwnerTests";
			productName = "Home OwnerTests";
			productReference = E9778CA420AA1F92002713A6 /* Home OwnerTests.xctest */;
			productType = "com.apple.product-type.bundle.unit-test";
		};
		E9778CAE20AA1F93002713A6 /* Home OwnerUITests */ = {
			isa = PBXNativeTarget;
			buildConfigurationList = E9778CBE20AA1F93002713A6 /* Build configuration list for PBXNativeTarget "Home OwnerUITests" */;
			buildPhases = (
				E9778CAB20AA1F93002713A6 /* Sources */,
				E9778CAC20AA1F93002713A6 /* Frameworks */,
				E9778CAD20AA1F93002713A6 /* Resources */,
			);
			buildRules = (
			);
			dependencies = (
				E9778CB120AA1F93002713A6 /* PBXTargetDependency */,
			);
			name = "Home OwnerUITests";
			productName = "Home OwnerUITests";
			productReference = E9778CAF20AA1F93002713A6 /* Home OwnerUITests.xctest */;
			productType = "com.apple.product-type.bundle.ui-testing";
		};
/* End PBXNativeTarget section */

/* Begin PBXProject section */
		E9778C8520AA1F90002713A6 /* Project object */ = {
			isa = PBXProject;
			attributes = {
				LastSwiftUpdateCheck = 0930;
				LastUpgradeCheck = 0930;
				ORGANIZATIONNAME = "Cosmic Arrows, LLC";
				TargetAttributes = {
					E9778C8C20AA1F90002713A6 = {
						CreatedOnToolsVersion = 9.3.1;
					};
					E9778CA320AA1F92002713A6 = {
						CreatedOnToolsVersion = 9.3.1;
						TestTargetID = E9778C8C20AA1F90002713A6;
					};
					E9778CAE20AA1F93002713A6 = {
						CreatedOnToolsVersion = 9.3.1;
						TestTargetID = E9778C8C20AA1F90002713A6;
					};
				};
			};
			buildConfigurationList = E9778C8820AA1F90002713A6 /* Build configuration list for PBXProject "Home Owner" */;
			compatibilityVersion = "Xcode 9.3";
			developmentRegion = en;
			hasScannedForEncodings = 0;
			knownRegions = (
				en,
				Base,
			);
			mainGroup = E9778C8420AA1F90002713A6;
			productRefGroup = E9778C8E20AA1F90002713A6 /* Products */;
			projectDirPath = "";
			projectRoot = "";
			targets = (
				E9778C8C20AA1F90002713A6 /* Home Owner */,
				E9778CA320AA1F92002713A6 /* Home OwnerTests */,
				E9778CAE20AA1F93002713A6 /* Home OwnerUITests */,
			);
		};
/* End PBXProject section */

/* Begin PBXResourcesBuildPhase section */
		E9778C8B20AA1F90002713A6 /* Resources */ = {
			isa = PBXResourcesBuildPhase;
			buildActionMask = 2147483647;
			files = (
				E9778C9E20AA1F92002713A6 /* LaunchScreen.storyboard in Resources */,
				E9778C9B20AA1F92002713A6 /* Assets.xcassets in Resources */,
				E9778C9620AA1F90002713A6 /* Main.storyboard in Resources */,
			);
			runOnlyForDeploymentPostprocessing = 0;
		};
		E9778CA220AA1F92002713A6 /* Resources */ = {
			isa = PBXResourcesBuildPhase;
			buildActionMask = 2147483647;
			files = (
			);
			runOnlyForDeploymentPostprocessing = 0;
		};
		E9778CAD20AA1F93002713A6 /* Resources */ = {
			isa = PBXResourcesBuildPhase;
			buildActionMask = 2147483647;
			files = (
			);
			runOnlyForDeploymentPostprocessing = 0;
		};
/* End PBXResourcesBuildPhase section */

/* Begin PBXSourcesBuildPhase section */
		E9778C8920AA1F90002713A6 /* Sources */ = {
			isa = PBXSourcesBuildPhase;
			buildActionMask = 2147483647;
			files = (
				E9778C9920AA1F91002713A6 /* Home_Owner.xcdatamodeld in Sources */,
				E9778C9320AA1F90002713A6 /* ViewController.swift in Sources */,
				E9778C9120AA1F90002713A6 /* AppDelegate.swift in Sources */,
			);
			runOnlyForDeploymentPostprocessing = 0;
		};
		E9778CA020AA1F92002713A6 /* Sources */ = {
			isa = PBXSourcesBuildPhase;
			buildActionMask = 2147483647;
			files = (
				E9778CA920AA1F92002713A6 /* Home_OwnerTests.swift in Sources */,
			);
			runOnlyForDeploymentPostprocessing = 0;
		};
		E9778CAB20AA1F93002713A6 /* Sources */ = {
			isa = PBXSourcesBuildPhase;
			buildActionMask = 2147483647;
			files = (
				E9778CB420AA1F93002713A6 /* Home_OwnerUITests.swift in Sources */,
			);
			runOnlyForDeploymentPostprocessing = 0;
		};
/* End PBXSourcesBuildPhase section */

/* Begin PBXTargetDependency section */
		E9778CA620AA1F92002713A6 /* PBXTargetDependency */ = {
			isa = PBXTargetDependency;
			target = E9778C8C20AA1F90002713A6 /* Home Owner */;
			targetProxy = E9778CA520AA1F92002713A6 /* PBXContainerItemProxy */;
		};
		E9778CB120AA1F93002713A6 /* PBXTargetDependency */ = {
			isa = PBXTargetDependency;
			target = E9778C8C20AA1F90002713A6 /* Home Owner */;
			targetProxy = E9778CB020AA1F93002713A6 /* PBXContainerItemProxy */;
		};
/* End PBXTargetDependency section */

/* Begin PBXVariantGroup section */
		E9778C9420AA1F90002713A6 /* Main.storyboard */ = {
			isa = PBXVariantGroup;
			children = (
				E9778C9520AA1F90002713A6 /* Base */,
			);
			name = Main.storyboard;
			sourceTree = "<group>";
		};
		E9778C9C20AA1F92002713A6 /* LaunchScreen.storyboard */ = {
			isa = PBXVariantGroup;
			children = (
				E9778C9D20AA1F92002713A6 /* Base */,
			);
			name = LaunchScreen.storyboard;
			sourceTree = "<group>";
		};
/* End PBXVariantGroup section */

/* Begin XCBuildConfiguration section */
		E9778CB620AA1F93002713A6 /* Debug */ = {
			isa = XCBuildConfiguration;
			buildSettings = {
				ALWAYS_SEARCH_USER_PATHS = NO;
				CLANG_ANALYZER_NONNULL = YES;
				CLANG_ANALYZER_NUMBER_OBJECT_CONVERSION = YES_AGGRESSIVE;
				CLANG_CXX_LANGUAGE_STANDARD = "gnu++14";
				CLANG_CXX_LIBRARY = "libc++";
				CLANG_ENABLE_MODULES = YES;
				CLANG_ENABLE_OBJC_ARC = YES;
				CLANG_ENABLE_OBJC_WEAK = YES;
				CLANG_WARN_BLOCK_CAPTURE_AUTORELEASING = YES;
				CLANG_WARN_BOOL_CONVERSION = YES;
				CLANG_WARN_COMMA = YES;
				CLANG_WARN_CONSTANT_CONVERSION = YES;
				CLANG_WARN_DEPRECATED_OBJC_IMPLEMENTATIONS = YES;
				CLANG_WARN_DIRECT_OBJC_ISA_USAGE = YES_ERROR;
				CLANG_WARN_DOCUMENTATION_COMMENTS = YES;
				CLANG_WARN_EMPTY_BODY = YES;
				CLANG_WARN_ENUM_CONVERSION = YES;
				CLANG_WARN_INFINITE_RECURSION = YES;
				CLANG_WARN_INT_CONVERSION = YES;
				CLANG_WARN_NON_LITERAL_NULL_CONVERSION = YES;
				CLANG_WARN_OBJC_IMPLICIT_RETAIN_SELF = YES;
				CLANG_WARN_OBJC_LITERAL_CONVERSION = YES;
				CLANG_WARN_OBJC_ROOT_CLASS = YES_ERROR;
				CLANG_WARN_RANGE_LOOP_ANALYSIS = YES;
				CLANG_WARN_STRICT_PROTOTYPES = YES;
				CLANG_WARN_SUSPICIOUS_MOVE = YES;
				CLANG_WARN_UNGUARDED_AVAILABILITY = YES_AGGRESSIVE;
				CLANG_WARN_UNREACHABLE_CODE = YES;
				CLANG_WARN__DUPLICATE_METHOD_MATCH = YES;
				CODE_SIGN_IDENTITY = "iPhone Developer";
				COPY_PHASE_STRIP = NO;
				DEBUG_INFORMATION_FORMAT = dwarf;
				ENABLE_STRICT_OBJC_MSGSEND = YES;
				ENABLE_TESTABILITY = YES;
				GCC_C_LANGUAGE_STANDARD = gnu11;
				GCC_DYNAMIC_NO_PIC = NO;
				GCC_NO_COMMON_BLOCKS = YES;
				GCC_OPTIMIZATION_LEVEL = 0;
				GCC_PREPROCESSOR_DEFINITIONS = (
					"DEBUG=1",
					"$(inherited)",
				);
				GCC_WARN_64_TO_32_BIT_CONVERSION = YES;
				GCC_WARN_ABOUT_RETURN_TYPE = YES_ERROR;
				GCC_WARN_UNDECLARED_SELECTOR = YES;
				GCC_WARN_UNINITIALIZED_AUTOS = YES_AGGRESSIVE;
				GCC_WARN_UNUSED_FUNCTION = YES;
				GCC_WARN_UNUSED_VARIABLE = YES;
				IPHONEOS_DEPLOYMENT_TARGET = 11.3;
				MTL_ENABLE_DEBUG_INFO = YES;
				ONLY_ACTIVE_ARCH = YES;
				SDKROOT = iphoneos;
				SWIFT_ACTIVE_COMPILATION_CONDITIONS = DEBUG;
				SWIFT_OPTIMIZATION_LEVEL = "-Onone";
			};
			name = Debug;
		};
		E9778CB720AA1F93002713A6 /* Release */ = {
			isa = XCBuildConfiguration;
			buildSettings = {
				ALWAYS_SEARCH_USER_PATHS = NO;
				CLANG_ANALYZER_NONNULL = YES;
				CLANG_ANALYZER_NUMBER_OBJECT_CONVERSION = YES_AGGRESSIVE;
				CLANG_CXX_LANGUAGE_STANDARD = "gnu++14";
				CLANG_CXX_LIBRARY = "libc++";
				CLANG_ENABLE_MODULES = YES;
				CLANG_ENABLE_OBJC_ARC = YES;
				CLANG_ENABLE_OBJC_WEAK = YES;
				CLANG_WARN_BLOCK_CAPTURE_AUTORELEASING = YES;
				CLANG_WARN_BOOL_CONVERSION = YES;
				CLANG_WARN_COMMA = YES;
				CLANG_WARN_CONSTANT_CONVERSION = YES;
				CLANG_WARN_DEPRECATED_OBJC_IMPLEMENTATIONS = YES;
				CLANG_WARN_DIRECT_OBJC_ISA_USAGE = YES_ERROR;
				CLANG_WARN_DOCUMENTATION_COMMENTS = YES;
				CLANG_WARN_EMPTY_BODY = YES;
				CLANG_WARN_ENUM_CONVERSION = YES;
				CLANG_WARN_INFINITE_RECURSION = YES;
				CLANG_WARN_INT_CONVERSION = YES;
				CLANG_WARN_NON_LITERAL_NULL_CONVERSION = YES;
				CLANG_WARN_OBJC_IMPLICIT_RETAIN_SELF = YES;
				CLANG_WARN_OBJC_LITERAL_CONVERSION = YES;
				CLANG_WARN_OBJC_ROOT_CLASS = YES_ERROR;
				CLANG_WARN_RANGE_LOOP_ANALYSIS = YES;
				CLANG_WARN_STRICT_PROTOTYPES = YES;
				CLANG_WARN_SUSPICIOUS_MOVE = YES;
				CLANG_WARN_UNGUARDED_AVAILABILITY = YES_AGGRESSIVE;
				CLANG_WARN_UNREACHABLE_CODE = YES;
				CLANG_WARN__DUPLICATE_METHOD_MATCH = YES;
				CODE_SIGN_IDENTITY = "iPhone Developer";
				COPY_PHASE_STRIP = NO;
				DEBUG_INFORMATION_FORMAT = "dwarf-with-dsym";
				ENABLE_NS_ASSERTIONS = NO;
				ENABLE_STRICT_OBJC_MSGSEND = YES;
				GCC_C_LANGUAGE_STANDARD = gnu11;
				GCC_NO_COMMON_BLOCKS = YES;
				GCC_WARN_64_TO_32_BIT_CONVERSION = YES;
				GCC_WARN_ABOUT_RETURN_TYPE = YES_ERROR;
				GCC_WARN_UNDECLARED_SELECTOR = YES;
				GCC_WARN_UNINITIALIZED_AUTOS = YES_AGGRESSIVE;
				GCC_WARN_UNUSED_FUNCTION = YES;
				GCC_WARN_UNUSED_VARIABLE = YES;
				IPHONEOS_DEPLOYMENT_TARGET = 11.3;
				MTL_ENABLE_DEBUG_INFO = NO;
				SDKROOT = iphoneos;
				SWIFT_COMPILATION_MODE = wholemodule;
				SWIFT_OPTIMIZATION_LEVEL = "-O";
				VALIDATE_PRODUCT = YES;
			};
			name = Release;
		};
		E9778CB920AA1F93002713A6 /* Debug */ = {
			isa = XCBuildConfiguration;
			buildSettings = {
				ASSETCATALOG_COMPILER_APPICON_NAME = AppIcon;
				CODE_SIGN_STYLE = Automatic;
				DEVELOPMENT_TEAM = P7XKP3B2C9;
				INFOPLIST_FILE = "Home Owner/Info.plist";
				LD_RUNPATH_SEARCH_PATHS = (
					"$(inherited)",
					"@executable_path/Frameworks",
				);
				PRODUCT_BUNDLE_IDENTIFIER = "com.cosmicarrows.Home-Owner";
				PRODUCT_NAME = "$(TARGET_NAME)";
				SWIFT_VERSION = 4.0;
				TARGETED_DEVICE_FAMILY = "1,2";
			};
			name = Debug;
		};
		E9778CBA20AA1F93002713A6 /* Release */ = {
			isa = XCBuildConfiguration;
			buildSettings = {
				ASSETCATALOG_COMPILER_APPICON_NAME = AppIcon;
				CODE_SIGN_STYLE = Automatic;
				DEVELOPMENT_TEAM = P7XKP3B2C9;
				INFOPLIST_FILE = "Home Owner/Info.plist";
				LD_RUNPATH_SEARCH_PATHS = (
					"$(inherited)",
					"@executable_path/Frameworks",
				);
				PRODUCT_BUNDLE_IDENTIFIER = "com.cosmicarrows.Home-Owner";
				PRODUCT_NAME = "$(TARGET_NAME)";
				SWIFT_VERSION = 4.0;
				TARGETED_DEVICE_FAMILY = "1,2";
			};
			name = Release;
		};
		E9778CBC20AA1F93002713A6 /* Debug */ = {
			isa = XCBuildConfiguration;
			buildSettings = {
				ALWAYS_EMBED_SWIFT_STANDARD_LIBRARIES = YES;
				BUNDLE_LOADER = "$(TEST_HOST)";
				CODE_SIGN_STYLE = Automatic;
				DEVELOPMENT_TEAM = P7XKP3B2C9;
				INFOPLIST_FILE = "Home OwnerTests/Info.plist";
				LD_RUNPATH_SEARCH_PATHS = (
					"$(inherited)",
					"@executable_path/Frameworks",
					"@loader_path/Frameworks",
				);
				PRODUCT_BUNDLE_IDENTIFIER = "com.cosmicarrows.Home-OwnerTests";
				PRODUCT_NAME = "$(TARGET_NAME)";
				SWIFT_VERSION = 4.0;
				TARGETED_DEVICE_FAMILY = "1,2";
				TEST_HOST = "$(BUILT_PRODUCTS_DIR)/Home Owner.app/Home Owner";
			};
			name = Debug;
		};
		E9778CBD20AA1F93002713A6 /* Release */ = {
			isa = XCBuildConfiguration;
			buildSettings = {
				ALWAYS_EMBED_SWIFT_STANDARD_LIBRARIES = YES;
				BUNDLE_LOADER = "$(TEST_HOST)";
				CODE_SIGN_STYLE = Automatic;
				DEVELOPMENT_TEAM = P7XKP3B2C9;
				INFOPLIST_FILE = "Home OwnerTests/Info.plist";
				LD_RUNPATH_SEARCH_PATHS = (
					"$(inherited)",
					"@executable_path/Frameworks",
					"@loader_path/Frameworks",
				);
				PRODUCT_BUNDLE_IDENTIFIER = "com.cosmicarrows.Home-OwnerTests";
				PRODUCT_NAME = "$(TARGET_NAME)";
				SWIFT_VERSION = 4.0;
				TARGETED_DEVICE_FAMILY = "1,2";
				TEST_HOST = "$(BUILT_PRODUCTS_DIR)/Home Owner.app/Home Owner";
			};
			name = Release;
		};
		E9778CBF20AA1F93002713A6 /* Debug */ = {
			isa = XCBuildConfiguration;
			buildSettings = {
				ALWAYS_EMBED_SWIFT_STANDARD_LIBRARIES = YES;
				CODE_SIGN_STYLE = Automatic;
				DEVELOPMENT_TEAM = P7XKP3B2C9;
				INFOPLIST_FILE = "Home OwnerUITests/Info.plist";
				LD_RUNPATH_SEARCH_PATHS = (
					"$(inherited)",
					"@executable_path/Frameworks",
					"@loader_path/Frameworks",
				);
				PRODUCT_BUNDLE_IDENTIFIER = "com.cosmicarrows.Home-OwnerUITests";
				PRODUCT_NAME = "$(TARGET_NAME)";
				SWIFT_VERSION = 4.0;
				TARGETED_DEVICE_FAMILY = "1,2";
				TEST_TARGET_NAME = "Home Owner";
			};
			name = Debug;
		};
		E9778CC020AA1F93002713A6 /* Release */ = {
			isa = XCBuildConfiguration;
			buildSettings = {
				ALWAYS_EMBED_SWIFT_STANDARD_LIBRARIES = YES;
				CODE_SIGN_STYLE = Automatic;
				DEVELOPMENT_TEAM = P7XKP3B2C9;
				INFOPLIST_FILE = "Home OwnerUITests/Info.plist";
				LD_RUNPATH_SEARCH_PATHS = (
					"$(inherited)",
					"@executable_path/Frameworks",
					"@loader_path/Frameworks",
				);
				PRODUCT_BUNDLE_IDENTIFIER = "com.cosmicarrows.Home-OwnerUITests";
				PRODUCT_NAME = "$(TARGET_NAME)";
				SWIFT_VERSION = 4.0;
				TARGETED_DEVICE_FAMILY = "1,2";
				TEST_TARGET_NAME = "Home Owner";
			};
			name = Release;
		};
/* End XCBuildConfiguration section */

/* Begin XCConfigurationList section */
		E9778C8820AA1F90002713A6 /* Build configuration list for PBXProject "Home Owner" */ = {
			isa = XCConfigurationList;
			buildConfigurations = (
				E9778CB620AA1F93002713A6 /* Debug */,
				E9778CB720AA1F93002713A6 /* Release */,
			);
			defaultConfigurationIsVisible = 0;
			defaultConfigurationName = Release;
		};
		E9778CB820AA1F93002713A6 /* Build configuration list for PBXNativeTarget "Home Owner" */ = {
			isa = XCConfigurationList;
			buildConfigurations = (
				E9778CB920AA1F93002713A6 /* Debug */,
				E9778CBA20AA1F93002713A6 /* Release */,
			);
			defaultConfigurationIsVisible = 0;
			defaultConfigurationName = Release;
		};
		E9778CBB20AA1F93002713A6 /* Build configuration list for PBXNativeTarget "Home OwnerTests" */ = {
			isa = XCConfigurationList;
			buildConfigurations = (
				E9778CBC20AA1F93002713A6 /* Debug */,
				E9778CBD20AA1F93002713A6 /* Release */,
			);
			defaultConfigurationIsVisible = 0;
			defaultConfigurationName = Release;
		};
		E9778CBE20AA1F93002713A6 /* Build configuration list for PBXNativeTarget "Home OwnerUITests" */ = {
			isa = XCConfigurationList;
			buildConfigurations = (
				E9778CBF20AA1F93002713A6 /* Debug */,
				E9778CC020AA1F93002713A6 /* Release */,
			);
			defaultConfigurationIsVisible = 0;
			defaultConfigurationName = Release;
		};
/* End XCConfigurationList section */

/* Begin XCVersionGroup section */
		E9778C9720AA1F91002713A6 /* Home_Owner.xcdatamodeld */ = {
			isa = XCVersionGroup;
			children = (
				E9778C9820AA1F91002713A6 /* Home_Owner.xcdatamodel */,
			);
			currentVersion = E9778C9820AA1F91002713A6 /* Home_Owner.xcdatamodel */;
			path = Home_Owner.xcdatamodeld;
			sourceTree = "<group>";
			versionGroupType = wrapper.xcdatamodel;
		};
/* End XCVersionGroup section */
	};
	rootObject = E9778C8520AA1F90002713A6 /* Project object */;
}
